
Microsoft Visual Studio Solution File, Format Version 12.00
# Visual Studio Version 17
VisualStudioVersion = 17.3.32929.385
MinimumVisualStudioVersion = 10.0.40219.1
Project("{FAE04EC0-301F-11D3-BF4B-00C04F79EFBC}") = "WpfApp1", "WpfApp1\WpfApp1.csproj", "{D7EFFCF9-1DD6-4A52-A1E1-5530D0BAD982}"
EndProject
Global
	GlobalSection(SolutionConfigurationPlatforms) = preSolution
		Debug|Any CPU = Debug|Any CPU
		Release|Any CPU = Release|Any CPU
	EndGlobalSection
	GlobalSection(ProjectConfigurationPlatforms) = postSolution
		{D7EFFCF9-1DD6-4A52-A1E1-5530D0BAD982}.Debug|Any CPU.ActiveCfg = Debug|Any CPU
		{D7EFFCF9-1DD6-4A52-A1E1-5530D0BAD982}.Debug|Any CPU.Build.0 = Debug|Any CPU
		{D7EFFCF9-1DD6-4A52-A1E1-5530D0BAD982}.Release|Any CPU.ActiveCfg = Release|Any CPU
		{D7EFFCF9-1DD6-4A52-A1E1-5530D0BAD982}.Release|Any CPU.Build.0 = Release|Any CPU
	EndGlobalSection
	GlobalSection(SolutionProperties) = preSolution
		HideSolutionNode = FALSE
	EndGlobalSection
	GlobalSection(ExtensibilityGlobals) = postSolution
		SolutionGuid = {BCCD8FAA-5EA0-4DFC-BC8A-AB49026E585D}
	EndGlobalSection
EndGlobal
